
Microsoft Visual Studio Solution File, Format Version 12.00
# Visual Studio Version 16
VisualStudioVersion = 16.0.30002.166
MinimumVisualStudioVersion = 10.0.40219.1
Project("{9A19103F-16F7-4668-BE54-9A1E7A4F7556}") = "0001", "0001\0001.csproj", "{E22EF542-4BEB-4259-91DF-5E5B81B4AE99}"
EndProject
Project("{9A19103F-16F7-4668-BE54-9A1E7A4F7556}") = "basics", "basics\basics.csproj", "{088AE90D-2D0B-470E-8DCA-0A90D1CB73AF}"
EndProject
Project("{9A19103F-16F7-4668-BE54-9A1E7A4F7556}") = "0026", "0002\0026.csproj", "{B1B5BDCB-527E-4C4D-92E5-C4757DE7975A}"
EndProject
Project("{9A19103F-16F7-4668-BE54-9A1E7A4F7556}") = "0027", "0003\0027.csproj", "{07768436-9D11-4027-857C-40DC1B45334A}"
EndProject
Project("{9A19103F-16F7-4668-BE54-9A1E7A4F7556}") = "0035", "0035\0035.csproj", "{FA18CA6A-BC56-49A7-B4D2-E110D9E0ECB7}"
EndProject
Project("{9A19103F-16F7-4668-BE54-9A1E7A4F7556}") = "0053", "0053\0053.csproj", "{1AF9EA7D-02EF-47A0-8255-91C4AD3165C8}"
EndProject
Project("{9A19103F-16F7-4668-BE54-9A1E7A4F7556}") = "0852", "0852\0852.csproj", "{E7D08A1E-060D-4B58-9EBC-D0ADDAF3368A}"
EndProject
Project("{9A19103F-16F7-4668-BE54-9A1E7A4F7556}") = "linkedlist", "array\linkedlist.csproj", "{42BC7AE9-9D0B-4923-A50F-683213CB980A}"
EndProject
Project("{9A19103F-16F7-4668-BE54-9A1E7A4F7556}") = "0203", "203\0203.csproj", "{8760617D-4F49-4F4B-8180-AAAB07477E5A}"
EndProject
Project("{9A19103F-16F7-4668-BE54-9A1E7A4F7556}") = "0237", "237\0237.csproj", "{09613CB6-38FF-4331-9787-ABEA85ACB2E7}"
EndProject
Project("{FAE04EC0-301F-11D3-BF4B-00C04F79EFBC}") = "1290", "1290\1290.csproj", "{7CC8DCE4-D39D-4609-A65B-20510A1E00C0}"
EndProject
Project("{FAE04EC0-301F-11D3-BF4B-00C04F79EFBC}") = "0083", "0083\0083.csproj", "{D266DAFF-F6BA-404B-9496-FBC154CFEC64}"
EndProject
Project("{FAE04EC0-301F-11D3-BF4B-00C04F79EFBC}") = "0021", "0021\0021.csproj", "{A78A0C6B-3D3E-41A3-AD2E-8D2AE5ECD70E}"
EndProject
Global
	GlobalSection(SolutionConfigurationPlatforms) = preSolution
		Debug|Any CPU = Debug|Any CPU
		Release|Any CPU = Release|Any CPU
	EndGlobalSection
	GlobalSection(ProjectConfigurationPlatforms) = postSolution
		{E22EF542-4BEB-4259-91DF-5E5B81B4AE99}.Debug|Any CPU.ActiveCfg = Debug|Any CPU
		{E22EF542-4BEB-4259-91DF-5E5B81B4AE99}.Debug|Any CPU.Build.0 = Debug|Any CPU
		{E22EF542-4BEB-4259-91DF-5E5B81B4AE99}.Release|Any CPU.ActiveCfg = Release|Any CPU
		{E22EF542-4BEB-4259-91DF-5E5B81B4AE99}.Release|Any CPU.Build.0 = Release|Any CPU
		{088AE90D-2D0B-470E-8DCA-0A90D1CB73AF}.Debug|Any CPU.ActiveCfg = Debug|Any CPU
		{088AE90D-2D0B-470E-8DCA-0A90D1CB73AF}.Debug|Any CPU.Build.0 = Debug|Any CPU
		{088AE90D-2D0B-470E-8DCA-0A90D1CB73AF}.Release|Any CPU.ActiveCfg = Release|Any CPU
		{088AE90D-2D0B-470E-8DCA-0A90D1CB73AF}.Release|Any CPU.Build.0 = Release|Any CPU
		{B1B5BDCB-527E-4C4D-92E5-C4757DE7975A}.Debug|Any CPU.ActiveCfg = Debug|Any CPU
		{B1B5BDCB-527E-4C4D-92E5-C4757DE7975A}.Debug|Any CPU.Build.0 = Debug|Any CPU
		{B1B5BDCB-527E-4C4D-92E5-C4757DE7975A}.Release|Any CPU.ActiveCfg = Release|Any CPU
		{B1B5BDCB-527E-4C4D-92E5-C4757DE7975A}.Release|Any CPU.Build.0 = Release|Any CPU
		{07768436-9D11-4027-857C-40DC1B45334A}.Debug|Any CPU.ActiveCfg = Debug|Any CPU
		{07768436-9D11-4027-857C-40DC1B45334A}.Debug|Any CPU.Build.0 = Debug|Any CPU
		{07768436-9D11-4027-857C-40DC1B45334A}.Release|Any CPU.ActiveCfg = Release|Any CPU
		{07768436-9D11-4027-857C-40DC1B45334A}.Release|Any CPU.Build.0 = Release|Any CPU
		{FA18CA6A-BC56-49A7-B4D2-E110D9E0ECB7}.Debug|Any CPU.ActiveCfg = Debug|Any CPU
		{FA18CA6A-BC56-49A7-B4D2-E110D9E0ECB7}.Debug|Any CPU.Build.0 = Debug|Any CPU
		{FA18CA6A-BC56-49A7-B4D2-E110D9E0ECB7}.Release|Any CPU.ActiveCfg = Release|Any CPU
		{FA18CA6A-BC56-49A7-B4D2-E110D9E0ECB7}.Release|Any CPU.Build.0 = Release|Any CPU
		{1AF9EA7D-02EF-47A0-8255-91C4AD3165C8}.Debug|Any CPU.ActiveCfg = Debug|Any CPU
		{1AF9EA7D-02EF-47A0-8255-91C4AD3165C8}.Debug|Any CPU.Build.0 = Debug|Any CPU
		{1AF9EA7D-02EF-47A0-8255-91C4AD3165C8}.Release|Any CPU.ActiveCfg = Release|Any CPU
		{1AF9EA7D-02EF-47A0-8255-91C4AD3165C8}.Release|Any CPU.Build.0 = Release|Any CPU
		{E7D08A1E-060D-4B58-9EBC-D0ADDAF3368A}.Debug|Any CPU.ActiveCfg = Debug|Any CPU
		{E7D08A1E-060D-4B58-9EBC-D0ADDAF3368A}.Debug|Any CPU.Build.0 = Debug|Any CPU
		{E7D08A1E-060D-4B58-9EBC-D0ADDAF3368A}.Release|Any CPU.ActiveCfg = Release|Any CPU
		{E7D08A1E-060D-4B58-9EBC-D0ADDAF3368A}.Release|Any CPU.Build.0 = Release|Any CPU
		{42BC7AE9-9D0B-4923-A50F-683213CB980A}.Debug|Any CPU.ActiveCfg = Debug|Any CPU
		{42BC7AE9-9D0B-4923-A50F-683213CB980A}.Debug|Any CPU.Build.0 = Debug|Any CPU
		{42BC7AE9-9D0B-4923-A50F-683213CB980A}.Release|Any CPU.ActiveCfg = Release|Any CPU
		{42BC7AE9-9D0B-4923-A50F-683213CB980A}.Release|Any CPU.Build.0 = Release|Any CPU
		{8760617D-4F49-4F4B-8180-AAAB07477E5A}.Debug|Any CPU.ActiveCfg = Debug|Any CPU
		{8760617D-4F49-4F4B-8180-AAAB07477E5A}.Debug|Any CPU.Build.0 = Debug|Any CPU
		{8760617D-4F49-4F4B-8180-AAAB07477E5A}.Release|Any CPU.ActiveCfg = Release|Any CPU
		{8760617D-4F49-4F4B-8180-AAAB07477E5A}.Release|Any CPU.Build.0 = Release|Any CPU
		{09613CB6-38FF-4331-9787-ABEA85ACB2E7}.Debug|Any CPU.ActiveCfg = Debug|Any CPU
		{09613CB6-38FF-4331-9787-ABEA85ACB2E7}.Debug|Any CPU.Build.0 = Debug|Any CPU
		{09613CB6-38FF-4331-9787-ABEA85ACB2E7}.Release|Any CPU.ActiveCfg = Release|Any CPU
		{09613CB6-38FF-4331-9787-ABEA85ACB2E7}.Release|Any CPU.Build.0 = Release|Any CPU
		{7CC8DCE4-D39D-4609-A65B-20510A1E00C0}.Debug|Any CPU.ActiveCfg = Debug|Any CPU
		{7CC8DCE4-D39D-4609-A65B-20510A1E00C0}.Debug|Any CPU.Build.0 = Debug|Any CPU
		{7CC8DCE4-D39D-4609-A65B-20510A1E00C0}.Release|Any CPU.ActiveCfg = Release|Any CPU
		{7CC8DCE4-D39D-4609-A65B-20510A1E00C0}.Release|Any CPU.Build.0 = Release|Any CPU
		{D266DAFF-F6BA-404B-9496-FBC154CFEC64}.Debug|Any CPU.ActiveCfg = Debug|Any CPU
		{D266DAFF-F6BA-404B-9496-FBC154CFEC64}.Debug|Any CPU.Build.0 = Debug|Any CPU
		{D266DAFF-F6BA-404B-9496-FBC154CFEC64}.Release|Any CPU.ActiveCfg = Release|Any CPU
		{D266DAFF-F6BA-404B-9496-FBC154CFEC64}.Release|Any CPU.Build.0 = Release|Any CPU
		{A78A0C6B-3D3E-41A3-AD2E-8D2AE5ECD70E}.Debug|Any CPU.ActiveCfg = Debug|Any CPU
		{A78A0C6B-3D3E-41A3-AD2E-8D2AE5ECD70E}.Debug|Any CPU.Build.0 = Debug|Any CPU
		{A78A0C6B-3D3E-41A3-AD2E-8D2AE5ECD70E}.Release|Any CPU.ActiveCfg = Release|Any CPU
		{A78A0C6B-3D3E-41A3-AD2E-8D2AE5ECD70E}.Release|Any CPU.Build.0 = Release|Any CPU
	EndGlobalSection
	GlobalSection(SolutionProperties) = preSolution
		HideSolutionNode = FALSE
	EndGlobalSection
	GlobalSection(ExtensibilityGlobals) = postSolution
		SolutionGuid = {1C833E2E-5CF5-430F-AFFB-932F641BCCA1}
	EndGlobalSection
EndGlobal
